
Microsoft Visual Studio Solution File, Format Version 12.00
# Visual Studio Version 17
VisualStudioVersion = 17.0.31903.59
MinimumVisualStudioVersion = 10.0.40219.1
Project("{FAE04EC0-301F-11D3-BF4B-00C04F79EFBC}") = "StreamingContentData", "StreamingContentData\StreamingContentData.csproj", "{9424FAAB-B0AF-4950-B55F-E012FF92F57D}"
EndProject
Project("{FAE04EC0-301F-11D3-BF4B-00C04F79EFBC}") = "StreamingContentUI", "StreamingContentUI\StreamingContentUI.csproj", "{29D8866A-D7EE-4AFF-9CA8-821F1DC530E5}"
EndProject
Project("{FAE04EC0-301F-11D3-BF4B-00C04F79EFBC}") = "StreamingContentRepository", "StreamingContentRepository\StreamingContentRepository.csproj", "{2ED31C8C-AC91-47E3-9689-3353E0AB803A}"
EndProject
Global
	GlobalSection(SolutionConfigurationPlatforms) = preSolution
		Debug|Any CPU = Debug|Any CPU
		Release|Any CPU = Release|Any CPU
	EndGlobalSection
	GlobalSection(SolutionProperties) = preSolution
		HideSolutionNode = FALSE
	EndGlobalSection
	GlobalSection(ProjectConfigurationPlatforms) = postSolution
		{9424FAAB-B0AF-4950-B55F-E012FF92F57D}.Debug|Any CPU.ActiveCfg = Debug|Any CPU
		{9424FAAB-B0AF-4950-B55F-E012FF92F57D}.Debug|Any CPU.Build.0 = Debug|Any CPU
		{9424FAAB-B0AF-4950-B55F-E012FF92F57D}.Release|Any CPU.ActiveCfg = Release|Any CPU
		{9424FAAB-B0AF-4950-B55F-E012FF92F57D}.Release|Any CPU.Build.0 = Release|Any CPU
		{29D8866A-D7EE-4AFF-9CA8-821F1DC530E5}.Debug|Any CPU.ActiveCfg = Debug|Any CPU
		{29D8866A-D7EE-4AFF-9CA8-821F1DC530E5}.Debug|Any CPU.Build.0 = Debug|Any CPU
		{29D8866A-D7EE-4AFF-9CA8-821F1DC530E5}.Release|Any CPU.ActiveCfg = Release|Any CPU
		{29D8866A-D7EE-4AFF-9CA8-821F1DC530E5}.Release|Any CPU.Build.0 = Release|Any CPU
		{2ED31C8C-AC91-47E3-9689-3353E0AB803A}.Debug|Any CPU.ActiveCfg = Debug|Any CPU
		{2ED31C8C-AC91-47E3-9689-3353E0AB803A}.Debug|Any CPU.Build.0 = Debug|Any CPU
		{2ED31C8C-AC91-47E3-9689-3353E0AB803A}.Release|Any CPU.ActiveCfg = Release|Any CPU
		{2ED31C8C-AC91-47E3-9689-3353E0AB803A}.Release|Any CPU.Build.0 = Release|Any CPU
	EndGlobalSection
EndGlobal
